paywall-upgrade-cro borghei/Claude-Skills@5318eda16c134c500c237425404975545c0eedd2:business-growth/paywall-upgrade-cro
pricing-strategy borghei/Claude-Skills@5318eda16c134c500c237425404975545c0eedd2:business-growth/pricing-strategy
churn-prevention borghei/Claude-Skills@5318eda16c134c500c237425404975545c0eedd2:business-growth/churn-prevention
programmatic-seo borghei/Claude-Skills@5318eda16c134c500c237425404975545c0eedd2:marketing/programmatic-seo
onboarding-cro borghei/Claude-Skills@5318eda16c134c500c237425404975545c0eedd2:business-growth/onboarding-cro
analytics-tracking borghei/Claude-Skills@5318eda16c134c500c237425404975545c0eedd2:marketing/analytics-tracking
product-analytics borghei/Claude-Skills@5318eda16c134c500c237425404975545c0eedd2:product-team/product-analytics
marketing-context borghei/Claude-Skills@5318eda16c134c500c237425404975545c0eedd2:marketing/marketing-context
seo-audit borghei/Claude-Skills@5318eda16c134c500c237425404975545c0eedd2:marketing/seo-audit
schema-markup borghei/Claude-Skills@5318eda16c134c500c237425404975545c0eedd2:marketing/schema-markup
site-architecture borghei/Claude-Skills@5318eda16c134c500c237425404975545c0eedd2:marketing/site-architecture
ai-seo borghei/Claude-Skills@5318eda16c134c500c237425404975545c0eedd2:marketing/ai-seo
ab-test-setup borghei/Claude-Skills@5318eda16c134c500c237425404975545c0eedd2:product-team/ab-test-setup
signup-flow-cro borghei/Claude-Skills@5318eda16c134c500c237425404975545c0eedd2:business-growth/signup-flow-cro
page-cro borghei/Claude-Skills@5318eda16c134c500c237425404975545c0eedd2:business-growth/page-cro
email-sequence borghei/Claude-Skills@5318eda16c134c500c237425404975545c0eedd2:marketing/email-sequence
copywriting borghei/Claude-Skills@5318eda16c134c500c237425404975545c0eedd2:marketing/copywriting
saas-metrics-coach borghei/Claude-Skills@5318eda16c134c500c237425404975545c0eedd2:finance/saas-metrics-coach
referral-program borghei/Claude-Skills@5318eda16c134c500c237425404975545c0eedd2:business-growth/referral-program
ecommerce-advisor borghei/Claude-Skills@5318eda16c134c500c237425404975545c0eedd2:vertical-advisors/ecommerce-advisor
content-strategy borghei/Claude-Skills@5318eda16c134c500c237425404975545c0eedd2:marketing/content-strategy
marketing-psychology borghei/Claude-Skills@5318eda16c134c500c237425404975545c0eedd2:marketing/marketing-psychology
skill-security-auditor borghei/Claude-Skills@5318eda16c134c500c237425404975545c0eedd2:engineering/skill-security-auditor
stripe-integration-expert borghei/Claude-Skills@5318eda16c134c500c237425404975545c0eedd2:engineering/stripe-integration-expert
video-content-strategist borghei/Claude-Skills@5318eda16c134c500c237425404975545c0eedd2:marketing/video-content-strategist
free-tool-strategy borghei/Claude-Skills@5318eda16c134c500c237425404975545c0eedd2:business-growth/free-tool-strategy
frontend-design anthropics/skills@8a1541c4a3ffa5a20a5a91de0dcf3f0bab1d1ef4:skills/frontend-design
webapp-testing anthropics/skills@8a1541c4a3ffa5a20a5a91de0dcf3f0bab1d1ef4:skills/webapp-testing
mcp-builder anthropics/skills@8a1541c4a3ffa5a20a5a91de0dcf3f0bab1d1ef4:skills/mcp-builder
